
Microsoft Visual Studio Solution File, Format Version 12.00
# Visual Studio Version 16
VisualStudioVersion = 16.0.30804.86
MinimumVisualStudioVersion = 10.0.40219.1
Project("{FAE04EC0-301F-11D3-BF4B-00C04F79EFBC}") = "WpfApp1", "WpfApp1\WpfApp1.csproj", "{B3515F6D-504F-4ED5-89EB-69B75C67E433}"
EndProject
Global
	GlobalSection(SolutionConfigurationPlatforms) = preSolution
		Debug|Any CPU = Debug|Any CPU
		Release|Any CPU = Release|Any CPU
	EndGlobalSection
	GlobalSection(ProjectConfigurationPlatforms) = postSolution
		{B3515F6D-504F-4ED5-89EB-69B75C67E433}.Debug|Any CPU.ActiveCfg = Debug|Any CPU
		{B3515F6D-504F-4ED5-89EB-69B75C67E433}.Debug|Any CPU.Build.0 = Debug|Any CPU
		{B3515F6D-504F-4ED5-89EB-69B75C67E433}.Release|Any CPU.ActiveCfg = Release|Any CPU
		{B3515F6D-504F-4ED5-89EB-69B75C67E433}.Release|Any CPU.Build.0 = Release|Any CPU
	EndGlobalSection
	GlobalSection(SolutionProperties) = preSolution
		HideSolutionNode = FALSE
	EndGlobalSection
	GlobalSection(ExtensibilityGlobals) = postSolution
		SolutionGuid = {A09E1FC0-7945-4935-B865-CAAD8D13DEA6}
	EndGlobalSection
EndGlobal
